
Microsoft Visual Studio Solution File, Format Version 12.00
# Visual Studio Version 17
VisualStudioVersion = 17.8.34330.188
MinimumVisualStudioVersion = 10.0.40219.1
Project("{9A19103F-16F7-4668-BE54-9A1E7A4F7556}") = "Gfly", "Gfly.csproj", "{B7A79D6A-9EDF-4FA8-99D7-87639BD1015D}"
EndProject
Project("{2150E333-8FDC-42A3-9474-1A3956D46DE8}") = "解决方案项", "解决方案项", "{9DD14BFC-79CF-46C5-AFE4-9AB6FD6301D2}"
	ProjectSection(SolutionItems) = preProject
		Gfly.cs = Gfly.cs
	EndProjectSection
EndProject
Global
	GlobalSection(SolutionConfigurationPlatforms) = preSolution
		Debug|Any CPU = Debug|Any CPU
		Release|Any CPU = Release|Any CPU
	EndGlobalSection
	GlobalSection(ProjectConfigurationPlatforms) = postSolution
		{B7A79D6A-9EDF-4FA8-99D7-87639BD1015D}.Debug|Any CPU.ActiveCfg = Debug|Any CPU
		{B7A79D6A-9EDF-4FA8-99D7-87639BD1015D}.Debug|Any CPU.Build.0 = Debug|Any CPU
		{B7A79D6A-9EDF-4FA8-99D7-87639BD1015D}.Release|Any CPU.ActiveCfg = Release|Any CPU
		{B7A79D6A-9EDF-4FA8-99D7-87639BD1015D}.Release|Any CPU.Build.0 = Release|Any CPU
	EndGlobalSection
	GlobalSection(SolutionProperties) = preSolution
		HideSolutionNode = FALSE
	EndGlobalSection
	GlobalSection(ExtensibilityGlobals) = postSolution
		SolutionGuid = {BF7E4D56-0C25-40CC-A8F4-98B8A27DB88A}
	EndGlobalSection
EndGlobal
